# THIS IS AN AUTOGENERATED FILE. DO NOT EDIT THIS FILE DIRECTLY.
# yarn lockfile v1


js-stylesheet@0.0.1:
  version "0.0.1"
  resolved "https://registry.yarnpkg.com/js-stylesheet/-/js-stylesheet-0.0.1.tgz#12cc1451220e454184b46de3b098c0d154762c38"

react-menu@^0.0.10:
  version "0.0.10"
  resolved "https://registry.yarnpkg.com/react-menu/-/react-menu-0.0.10.tgz#c2b338cdd88e4c436325969239089e0752a142bc"
  dependencies:
    js-stylesheet "0.0.1"
